
Microsoft Visual Studio Solution File, Format Version 12.00
# Visual Studio Version 17
VisualStudioVersion = 17.14.36414.22 d17.14
MinimumVisualStudioVersion = 10.0.40219.1
Project("{FAE04EC0-301F-11D3-BF4B-00C04F79EFBC}") = "Screenshot", "Screenshot\Screenshot.csproj", "{8BC1B3DF-B3A3-4C86-AD8C-9C4A43042F21}"
EndProject
Global
	GlobalSection(SolutionConfigurationPlatforms) = preSolution
		Debug|x64 = Debug|x64
		Release|x64 = Release|x64
	EndGlobalSection
	GlobalSection(ProjectConfigurationPlatforms) = postSolution
		{8BC1B3DF-B3A3-4C86-AD8C-9C4A43042F21}.Debug|x64.ActiveCfg = Debug|x64
		{8BC1B3DF-B3A3-4C86-AD8C-9C4A43042F21}.Debug|x64.Build.0 = Debug|x64
		{8BC1B3DF-B3A3-4C86-AD8C-9C4A43042F21}.Release|x64.ActiveCfg = Release|x64
		{8BC1B3DF-B3A3-4C86-AD8C-9C4A43042F21}.Release|x64.Build.0 = Release|x64
	EndGlobalSection
	GlobalSection(SolutionProperties) = preSolution
		HideSolutionNode = FALSE
	EndGlobalSection
	GlobalSection(ExtensibilityGlobals) = postSolution
		SolutionGuid = {342F4C7D-BE2C-4A6A-B2E7-9493BEE52C89}
	EndGlobalSection
EndGlobal
